// !$*UTF8*$!
{
	archiveVersion = 1;
	classes = {
	};
	objectVersion = 56;
	objects = {

/* Begin PBXBuildFile section */
		809CFB272A335F3800D348BE /* WordleApp.swift in Sources */ = {isa = PBXBuildFile; fileRef = 809CFB262A335F3800D348BE /* WordleApp.swift */; };
		809CFB292A335F3800D348BE /* GameView.swift in Sources */ = {isa = PBXBuildFile; fileRef = 809CFB282A335F3800D348BE /* GameView.swift */; };
		809CFB2B2A335F3A00D348BE /* Assets.xcassets in Resources */ = {isa = PBXBuildFile; fileRef = 809CFB2A2A335F3A00D348BE /* Assets.xcassets */; };
		809CFB2E2A335F3A00D348BE /* Preview Assets.xcassets in Resources */ = {isa = PBXBuildFile; fileRef = 809CFB2D2A335F3A00D348BE /* Preview Assets.xcassets */; };
		809CFB352A335FD300D348BE /* Launch Screen.storyboard in Resources */ = {isa = PBXBuildFile; fileRef = 809CFB342A335FD300D348BE /* Launch Screen.storyboard */; };
		809CFB382A33873500D348BE /* Color+Extension.swift in Sources */ = {isa = PBXBuildFile; fileRef = 809CFB372A33873500D348BE /* Color+Extension.swift */; };
		809CFB3B2A3387F200D348BE /* Guess.swift in Sources */ = {isa = PBXBuildFile; fileRef = 809CFB3A2A3387F200D348BE /* Guess.swift */; };
		809CFB3E2A3388A100D348BE /* GuessView.swift in Sources */ = {isa = PBXBuildFile; fileRef = 809CFB3D2A3388A100D348BE /* GuessView.swift */; };
		809CFB412A338A2900D348BE /* WordleDataModel.swift in Sources */ = {isa = PBXBuildFile; fileRef = 809CFB402A338A2900D348BE /* WordleDataModel.swift */; };
		809CFB432A338B3C00D348BE /* Global.swift in Sources */ = {isa = PBXBuildFile; fileRef = 809CFB422A338B3C00D348BE /* Global.swift */; };
		809CFB452A339D6C00D348BE /* LetterButtonView.swift in Sources */ = {isa = PBXBuildFile; fileRef = 809CFB442A339D6C00D348BE /* LetterButtonView.swift */; };
		809CFB472A339E7900D348BE /* Keyboard.swift in Sources */ = {isa = PBXBuildFile; fileRef = 809CFB462A339E7900D348BE /* Keyboard.swift */; };
		809CFB4A2A33AFB900D348BE /* Shake.swift in Sources */ = {isa = PBXBuildFile; fileRef = 809CFB492A33AFB900D348BE /* Shake.swift */; };
		809CFB4C2A3A0E3C00D348BE /* FlipView.swift in Sources */ = {isa = PBXBuildFile; fileRef = 809CFB4B2A3A0E3C00D348BE /* FlipView.swift */; };
		809CFB4E2A68322600D348BE /* ToastView.swift in Sources */ = {isa = PBXBuildFile; fileRef = 809CFB4D2A68322600D348BE /* ToastView.swift */; };
		809CFB502A68380E00D348BE /* Statistic.swift in Sources */ = {isa = PBXBuildFile; fileRef = 809CFB4F2A68380E00D348BE /* Statistic.swift */; };
		809CFB522A683BA400D348BE /* StatsView.swift in Sources */ = {isa = PBXBuildFile; fileRef = 809CFB512A683BA400D348BE /* StatsView.swift */; };
/* End PBXBuildFile section */

/* Begin PBXFileReference section */
		809CFB232A335F3800D348BE /* Wordle.app */ = {isa = PBXFileReference; explicitFileType = wrapper.application; includeInIndex = 0; path = Wordle.app; sourceTree = BUILT_PRODUCTS_DIR; };
		809CFB262A335F3800D348BE /* WordleApp.swift */ = {isa = PBXFileReference; lastKnownFileType = sourcecode.swift; path = WordleApp.swift; sourceTree = "<group>"; };
		809CFB282A335F3800D348BE /* GameView.swift */ = {isa = PBXFileReference; lastKnownFileType = sourcecode.swift; path = GameView.swift; sourceTree = "<group>"; };
		809CFB2A2A335F3A00D348BE /* Assets.xcassets */ = {isa = PBXFileReference; lastKnownFileType = folder.assetcatalog; path = Assets.xcassets; sourceTree = "<group>"; };
		809CFB2D2A335F3A00D348BE /* Preview Assets.xcassets */ = {isa = PBXFileReference; lastKnownFileType = folder.assetcatalog; path = "Preview Assets.xcassets"; sourceTree = "<group>"; };
		809CFB342A335FD300D348BE /* Launch Screen.storyboard */ = {isa = PBXFileReference; lastKnownFileType = file.storyboard; path = "Launch Screen.storyboard"; sourceTree = "<group>"; };
		809CFB372A33873500D348BE /* Color+Extension.swift */ = {isa = PBXFileReference; lastKnownFileType = sourcecode.swift; path = "Color+Extension.swift"; sourceTree = "<group>"; };
		809CFB3A2A3387F200D348BE /* Guess.swift */ = {isa = PBXFileReference; lastKnownFileType = sourcecode.swift; path = Guess.swift; sourceTree = "<group>"; };
		809CFB3D2A3388A100D348BE /* GuessView.swift */ = {isa = PBXFileReference; lastKnownFileType = sourcecode.swift; path = GuessView.swift; sourceTree = "<group>"; };
		809CFB402A338A2900D348BE /* WordleDataModel.swift */ = {isa = PBXFileReference; lastKnownFileType = sourcecode.swift; path = WordleDataModel.swift; sourceTree = "<group>"; };
		809CFB422A338B3C00D348BE /* Global.swift */ = {isa = PBXFileReference; lastKnownFileType = sourcecode.swift; path = Global.swift; sourceTree = "<group>"; };
		809CFB442A339D6C00D348BE /* LetterButtonView.swift */ = {isa = PBXFileReference; lastKnownFileType = sourcecode.swift; path = LetterButtonView.swift; sourceTree = "<group>"; };
		809CFB462A339E7900D348BE /* Keyboard.swift */ = {isa = PBXFileReference; lastKnownFileType = sourcecode.swift; path = Keyboard.swift; sourceTree = "<group>"; };
		809CFB492A33AFB900D348BE /* Shake.swift */ = {isa = PBXFileReference; lastKnownFileType = sourcecode.swift; path = Shake.swift; sourceTree = "<group>"; };
		809CFB4B2A3A0E3C00D348BE /* FlipView.swift */ = {isa = PBXFileReference; lastKnownFileType = sourcecode.swift; path = FlipView.swift; sourceTree = "<group>"; };
		809CFB4D2A68322600D348BE /* ToastView.swift */ = {isa = PBXFileReference; lastKnownFileType = sourcecode.swift; path = ToastView.swift; sourceTree = "<group>"; };
		809CFB4F2A68380E00D348BE /* Statistic.swift */ = {isa = PBXFileReference; lastKnownFileType = sourcecode.swift; path = Statistic.swift; sourceTree = "<group>"; };
		809CFB512A683BA400D348BE /* StatsView.swift */ = {isa = PBXFileReference; lastKnownFileType = sourcecode.swift; path = StatsView.swift; sourceTree = "<group>"; };
/* End PBXFileReference section */

/* Begin PBXFrameworksBuildPhase section */
		809CFB202A335F3800D348BE /* Frameworks */ = {
			isa = PBXFrameworksBuildPhase;
			buildActionMask = 2147483647;
			files = (
			);
			runOnlyForDeploymentPostprocessing = 0;
		};
/* End PBXFrameworksBuildPhase section */

/* Begin PBXGroup section */
		809CFB1A2A335F3800D348BE = {
			isa = PBXGroup;
			children = (
				809CFB252A335F3800D348BE /* Wordle */,
				809CFB242A335F3800D348BE /* Products */,
			);
			sourceTree = "<group>";
		};
		809CFB242A335F3800D348BE /* Products */ = {
			isa = PBXGroup;
			children = (
				809CFB232A335F3800D348BE /* Wordle.app */,
			);
			name = Products;
			sourceTree = "<group>";
		};
		809CFB252A335F3800D348BE /* Wordle */ = {
			isa = PBXGroup;
			children = (
				809CFB262A335F3800D348BE /* WordleApp.swift */,
				809CFB3C2A33888A00D348BE /* Views */,
				809CFB392A3387E700D348BE /* Models */,
				809CFB342A335FD300D348BE /* Launch Screen.storyboard */,
				809CFB3F2A338A0E00D348BE /* ViewModels */,
				809CFB362A33870500D348BE /* Extensions */,
				809CFB482A33AF9B00D348BE /* Animations */,
				809CFB2A2A335F3A00D348BE /* Assets.xcassets */,
				809CFB2C2A335F3A00D348BE /* Preview Content */,
			);
			path = Wordle;
			sourceTree = "<group>";
		};
		809CFB2C2A335F3A00D348BE /* Preview Content */ = {
			isa = PBXGroup;
			children = (
				809CFB2D2A335F3A00D348BE /* Preview Assets.xcassets */,
			);
			path = "Preview Content";
			sourceTree = "<group>";
		};
		809CFB362A33870500D348BE /* Extensions */ = {
			isa = PBXGroup;
			children = (
				809CFB372A33873500D348BE /* Color+Extension.swift */,
			);
			path = Extensions;
			sourceTree = "<group>";
		};
		809CFB392A3387E700D348BE /* Models */ = {
			isa = PBXGroup;
			children = (
				809CFB3A2A3387F200D348BE /* Guess.swift */,
				809CFB422A338B3C00D348BE /* Global.swift */,
				809CFB4F2A68380E00D348BE /* Statistic.swift */,
			);
			path = Models;
			sourceTree = "<group>";
		};
		809CFB3C2A33888A00D348BE /* Views */ = {
			isa = PBXGroup;
			children = (
				809CFB282A335F3800D348BE /* GameView.swift */,
				809CFB3D2A3388A100D348BE /* GuessView.swift */,
				809CFB442A339D6C00D348BE /* LetterButtonView.swift */,
				809CFB462A339E7900D348BE /* Keyboard.swift */,
				809CFB4D2A68322600D348BE /* ToastView.swift */,
				809CFB512A683BA400D348BE /* StatsView.swift */,
			);
			path = Views;
			sourceTree = "<group>";
		};
		809CFB3F2A338A0E00D348BE /* ViewModels */ = {
			isa = PBXGroup;
			children = (
				809CFB402A338A2900D348BE /* WordleDataModel.swift */,
			);
			path = ViewModels;
			sourceTree = "<group>";
		};
		809CFB482A33AF9B00D348BE /* Animations */ = {
			isa = PBXGroup;
			children = (
				809CFB492A33AFB900D348BE /* Shake.swift */,
				809CFB4B2A3A0E3C00D348BE /* FlipView.swift */,
			);
			path = Animations;
			sourceTree = "<group>";
		};
/* End PBXGroup section */

/* Begin PBXNativeTarget section */
		809CFB222A335F3800D348BE /* Wordle */ = {
			isa = PBXNativeTarget;
			buildConfigurationList = 809CFB312A335F3A00D348BE /* Build configuration list for PBXNativeTarget "Wordle" */;
			buildPhases = (
				809CFB1F2A335F3800D348BE /* Sources */,
				809CFB202A335F3800D348BE /* Frameworks */,
				809CFB212A335F3800D348BE /* Resources */,
			);
			buildRules = (
			);
			dependencies = (
			);
			name = Wordle;
			productName = Wordle;
			productReference = 809CFB232A335F3800D348BE /* Wordle.app */;
			productType = "com.apple.product-type.application";
		};
/* End PBXNativeTarget section */

/* Begin PBXProject section */
		809CFB1B2A335F3800D348BE /* Project object */ = {
			isa = PBXProject;
			attributes = {
				BuildIndependentTargetsInParallel = 1;
				LastSwiftUpdateCheck = 1430;
				LastUpgradeCheck = 1430;
				TargetAttributes = {
					809CFB222A335F3800D348BE = {
						CreatedOnToolsVersion = 14.3.1;
					};
				};
			};
			buildConfigurationList = 809CFB1E2A335F3800D348BE /* Build configuration list for PBXProject "Wordle" */;
			compatibilityVersion = "Xcode 14.0";
			developmentRegion = en;
			hasScannedForEncodings = 0;
			knownRegions = (
				en,
				Base,
			);
			mainGroup = 809CFB1A2A335F3800D348BE;
			productRefGroup = 809CFB242A335F3800D348BE /* Products */;
			projectDirPath = "";
			projectRoot = "";
			targets = (
				809CFB222A335F3800D348BE /* Wordle */,
			);
		};
/* End PBXProject section */

/* Begin PBXResourcesBuildPhase section */
		809CFB212A335F3800D348BE /* Resources */ = {
			isa = PBXResourcesBuildPhase;
			buildActionMask = 2147483647;
			files = (
				809CFB352A335FD300D348BE /* Launch Screen.storyboard in Resources */,
				809CFB2E2A335F3A00D348BE /* Preview Assets.xcassets in Resources */,
				809CFB2B2A335F3A00D348BE /* Assets.xcassets in Resources */,
			);
			runOnlyForDeploymentPostprocessing = 0;
		};
/* End PBXResourcesBuildPhase section */

/* Begin PBXSourcesBuildPhase section */
		809CFB1F2A335F3800D348BE /* Sources */ = {
			isa = PBXSourcesBuildPhase;
			buildActionMask = 2147483647;
			files = (
				809CFB452A339D6C00D348BE /* LetterButtonView.swift in Sources */,
				809CFB4C2A3A0E3C00D348BE /* FlipView.swift in Sources */,
				809CFB292A335F3800D348BE /* GameView.swift in Sources */,
				809CFB3E2A3388A100D348BE /* GuessView.swift in Sources */,
				809CFB4E2A68322600D348BE /* ToastView.swift in Sources */,
				809CFB472A339E7900D348BE /* Keyboard.swift in Sources */,
				809CFB3B2A3387F200D348BE /* Guess.swift in Sources */,
				809CFB382A33873500D348BE /* Color+Extension.swift in Sources */,
				809CFB4A2A33AFB900D348BE /* Shake.swift in Sources */,
				809CFB412A338A2900D348BE /* WordleDataModel.swift in Sources */,
				809CFB272A335F3800D348BE /* WordleApp.swift in Sources */,
				809CFB432A338B3C00D348BE /* Global.swift in Sources */,
				809CFB522A683BA400D348BE /* StatsView.swift in Sources */,
				809CFB502A68380E00D348BE /* Statistic.swift in Sources */,
			);
			runOnlyForDeploymentPostprocessing = 0;
		};
/* End PBXSourcesBuildPhase section */

/* Begin XCBuildConfiguration section */
		809CFB2F2A335F3A00D348BE /* Debug */ = {
			isa = XCBuildConfiguration;
			buildSettings = {
				ALWAYS_SEARCH_USER_PATHS = NO;
				CLANG_ANALYZER_NONNULL = YES;
				CLANG_ANALYZER_NUMBER_OBJECT_CONVERSION = YES_AGGRESSIVE;
				CLANG_CXX_LANGUAGE_STANDARD = "gnu++20";
				CLANG_ENABLE_MODULES = YES;
				CLANG_ENABLE_OBJC_ARC = YES;
				CLANG_ENABLE_OBJC_WEAK = YES;
				CLANG_WARN_BLOCK_CAPTURE_AUTORELEASING = YES;
				CLANG_WARN_BOOL_CONVERSION = YES;
				CLANG_WARN_COMMA = YES;
				CLANG_WARN_CONSTANT_CONVERSION = YES;
				CLANG_WARN_DEPRECATED_OBJC_IMPLEMENTATIONS = YES;
				CLANG_WARN_DIRECT_OBJC_ISA_USAGE = YES_ERROR;
				CLANG_WARN_DOCUMENTATION_COMMENTS = YES;
				CLANG_WARN_EMPTY_BODY = YES;
				CLANG_WARN_ENUM_CONVERSION = YES;
				CLANG_WARN_INFINITE_RECURSION = YES;
				CLANG_WARN_INT_CONVERSION = YES;
				CLANG_WARN_NON_LITERAL_NULL_CONVERSION = YES;
				CLANG_WARN_OBJC_IMPLICIT_RETAIN_SELF = YES;
				CLANG_WARN_OBJC_LITERAL_CONVERSION = YES;
				CLANG_WARN_OBJC_ROOT_CLASS = YES_ERROR;
				CLANG_WARN_QUOTED_INCLUDE_IN_FRAMEWORK_HEADER = YES;
				CLANG_WARN_RANGE_LOOP_ANALYSIS = YES;
				CLANG_WARN_STRICT_PROTOTYPES = YES;
				CLANG_WARN_SUSPICIOUS_MOVE = YES;
				CLANG_WARN_UNGUARDED_AVAILABILITY = YES_AGGRESSIVE;
				CLANG_WARN_UNREACHABLE_CODE = YES;
				CLANG_WARN__DUPLICATE_METHOD_MATCH = YES;
				COPY_PHASE_STRIP = NO;
				DEBUG_INFORMATION_FORMAT = dwarf;
				ENABLE_STRICT_OBJC_MSGSEND = YES;
				ENABLE_TESTABILITY = YES;
				GCC_C_LANGUAGE_STANDARD = gnu11;
				GCC_DYNAMIC_NO_PIC = NO;
				GCC_NO_COMMON_BLOCKS = YES;
				GCC_OPTIMIZATION_LEVEL = 0;
				GCC_PREPROCESSOR_DEFINITIONS = (
					"DEBUG=1",
					"$(inherited)",
				);
				GCC_WARN_64_TO_32_BIT_CONVERSION = YES;
				GCC_WARN_ABOUT_RETURN_TYPE = YES_ERROR;
				GCC_WARN_UNDECLARED_SELECTOR = YES;
				GCC_WARN_UNINITIALIZED_AUTOS = YES_AGGRESSIVE;
				GCC_WARN_UNUSED_FUNCTION = YES;
				GCC_WARN_UNUSED_VARIABLE = YES;
				IPHONEOS_DEPLOYMENT_TARGET = 16.4;
				MTL_ENABLE_DEBUG_INFO = INCLUDE_SOURCE;
				MTL_FAST_MATH = YES;
				ONLY_ACTIVE_ARCH = YES;
				SDKROOT = iphoneos;
				SWIFT_ACTIVE_COMPILATION_CONDITIONS = DEBUG;
				SWIFT_OPTIMIZATION_LEVEL = "-Onone";
			};
			name = Debug;
		};
		809CFB302A335F3A00D348BE /* Release */ = {
			isa = XCBuildConfiguration;
			buildSettings = {
				ALWAYS_SEARCH_USER_PATHS = NO;
				CLANG_ANALYZER_NONNULL = YES;
				CLANG_ANALYZER_NUMBER_OBJECT_CONVERSION = YES_AGGRESSIVE;
				CLANG_CXX_LANGUAGE_STANDARD = "gnu++20";
				CLANG_ENABLE_MODULES = YES;
				CLANG_ENABLE_OBJC_ARC = YES;
				CLANG_ENABLE_OBJC_WEAK = YES;
				CLANG_WARN_BLOCK_CAPTURE_AUTORELEASING = YES;
				CLANG_WARN_BOOL_CONVERSION = YES;
				CLANG_WARN_COMMA = YES;
				CLANG_WARN_CONSTANT_CONVERSION = YES;
				CLANG_WARN_DEPRECATED_OBJC_IMPLEMENTATIONS = YES;
				CLANG_WARN_DIRECT_OBJC_ISA_USAGE = YES_ERROR;
				CLANG_WARN_DOCUMENTATION_COMMENTS = YES;
				CLANG_WARN_EMPTY_BODY = YES;
				CLANG_WARN_ENUM_CONVERSION = YES;
				CLANG_WARN_INFINITE_RECURSION = YES;
				CLANG_WARN_INT_CONVERSION = YES;
				CLANG_WARN_NON_LITERAL_NULL_CONVERSION = YES;
				CLANG_WARN_OBJC_IMPLICIT_RETAIN_SELF = YES;
				CLANG_WARN_OBJC_LITERAL_CONVERSION = YES;
				CLANG_WARN_OBJC_ROOT_CLASS = YES_ERROR;
				CLANG_WARN_QUOTED_INCLUDE_IN_FRAMEWORK_HEADER = YES;
				CLANG_WARN_RANGE_LOOP_ANALYSIS = YES;
				CLANG_WARN_STRICT_PROTOTYPES = YES;
				CLANG_WARN_SUSPICIOUS_MOVE = YES;
				CLANG_WARN_UNGUARDED_AVAILABILITY = YES_AGGRESSIVE;
				CLANG_WARN_UNREACHABLE_CODE = YES;
				CLANG_WARN__DUPLICATE_METHOD_MATCH = YES;
				COPY_PHASE_STRIP = NO;
				DEBUG_INFORMATION_FORMAT = "dwarf-with-dsym";
				ENABLE_NS_ASSERTIONS = NO;
				ENABLE_STRICT_OBJC_MSGSEND = YES;
				GCC_C_LANGUAGE_STANDARD = gnu11;
				GCC_NO_COMMON_BLOCKS = YES;
				GCC_WARN_64_TO_32_BIT_CONVERSION = YES;
				GCC_WARN_ABOUT_RETURN_TYPE = YES_ERROR;
				GCC_WARN_UNDECLARED_SELECTOR = YES;
				GCC_WARN_UNINITIALIZED_AUTOS = YES_AGGRESSIVE;
				GCC_WARN_UNUSED_FUNCTION = YES;
				GCC_WARN_UNUSED_VARIABLE = YES;
				IPHONEOS_DEPLOYMENT_TARGET = 16.4;
				MTL_ENABLE_DEBUG_INFO = NO;
				MTL_FAST_MATH = YES;
				SDKROOT = iphoneos;
				SWIFT_COMPILATION_MODE = wholemodule;
				SWIFT_OPTIMIZATION_LEVEL = "-O";
				VALIDATE_PRODUCT = YES;
			};
			name = Release;
		};
		809CFB322A335F3A00D348BE /* Debug */ = {
			isa = XCBuildConfiguration;
			buildSettings = {
				ASSETCATALOG_COMPILER_APPICON_NAME = AppIcon;
				ASSETCATALOG_COMPILER_GLOBAL_ACCENT_COLOR_NAME = AccentColor;
				CODE_SIGN_STYLE = Automatic;
				CURRENT_PROJECT_VERSION = 1;
				DEVELOPMENT_ASSET_PATHS = "\"Wordle/Preview Content\"";
				DEVELOPMENT_TEAM = 23V4H8MSSL;
				ENABLE_PREVIEWS = YES;
				GENERATE_INFOPLIST_FILE = YES;
				INFOPLIST_KEY_UIApplicationSceneManifest_Generation = YES;
				INFOPLIST_KEY_UIApplicationSupportsIndirectInputEvents = YES;
				INFOPLIST_KEY_UILaunchScreen_Generation = YES;
				INFOPLIST_KEY_UILaunchStoryboardName = "Launch Screen.storyboard";
				INFOPLIST_KEY_UIRequiresFullScreen = YES;
				INFOPLIST_KEY_UISupportedInterfaceOrientations_iPad = "UIInterfaceOrientationPortrait UIInterfaceOrientationPortraitUpsideDown UIInterfaceOrientationLandscapeLeft UIInterfaceOrientationLandscapeRight";
				INFOPLIST_KEY_UISupportedInterfaceOrientations_iPhone = UIInterfaceOrientationPortrait;
				LD_RUNPATH_SEARCH_PATHS = (
					"$(inherited)",
					"@executable_path/Frameworks",
				);
				MARKETING_VERSION = 1.0;
				PRODUCT_BUNDLE_IDENTIFIER = co.tugskh.Wordle;
				PRODUCT_NAME = "$(TARGET_NAME)";
				SWIFT_EMIT_LOC_STRINGS = YES;
				SWIFT_VERSION = 5.0;
				TARGETED_DEVICE_FAMILY = "1,2";
			};
			name = Debug;
		};
		809CFB332A335F3A00D348BE /* Release */ = {
			isa = XCBuildConfiguration;
			buildSettings = {
				ASSETCATALOG_COMPILER_APPICON_NAME = AppIcon;
				ASSETCATALOG_COMPILER_GLOBAL_ACCENT_COLOR_NAME = AccentColor;
				CODE_SIGN_STYLE = Automatic;
				CURRENT_PROJECT_VERSION = 1;
				DEVELOPMENT_ASSET_PATHS = "\"Wordle/Preview Content\"";
				DEVELOPMENT_TEAM = 23V4H8MSSL;
				ENABLE_PREVIEWS = YES;
				GENERATE_INFOPLIST_FILE = YES;
				INFOPLIST_KEY_UIApplicationSceneManifest_Generation = YES;
				INFOPLIST_KEY_UIApplicationSupportsIndirectInputEvents = YES;
				INFOPLIST_KEY_UILaunchScreen_Generation = YES;
				INFOPLIST_KEY_UILaunchStoryboardName = "Launch Screen.storyboard";
				INFOPLIST_KEY_UIRequiresFullScreen = YES;
				INFOPLIST_KEY_UISupportedInterfaceOrientations_iPad = "UIInterfaceOrientationPortrait UIInterfaceOrientationPortraitUpsideDown UIInterfaceOrientationLandscapeLeft UIInterfaceOrientationLandscapeRight";
				INFOPLIST_KEY_UISupportedInterfaceOrientations_iPhone = UIInterfaceOrientationPortrait;
				LD_RUNPATH_SEARCH_PATHS = (
					"$(inherited)",
					"@executable_path/Frameworks",
				);
				MARKETING_VERSION = 1.0;
				PRODUCT_BUNDLE_IDENTIFIER = co.tugskh.Wordle;
				PRODUCT_NAME = "$(TARGET_NAME)";
				SWIFT_EMIT_LOC_STRINGS = YES;
				SWIFT_VERSION = 5.0;
				TARGETED_DEVICE_FAMILY = "1,2";
			};
			name = Release;
		};
/* End XCBuildConfiguration section */

/* Begin XCConfigurationList section */
		809CFB1E2A335F3800D348BE /* Build configuration list for PBXProject "Wordle" */ = {
			isa = XCConfigurationList;
			buildConfigurations = (
				809CFB2F2A335F3A00D348BE /* Debug */,
				809CFB302A335F3A00D348BE /* Release */,
			);
			defaultConfigurationIsVisible = 0;
			defaultConfigurationName = Release;
		};
		809CFB312A335F3A00D348BE /* Build configuration list for PBXNativeTarget "Wordle" */ = {
			isa = XCConfigurationList;
			buildConfigurations = (
				809CFB322A335F3A00D348BE /* Debug */,
				809CFB332A335F3A00D348BE /* Release */,
			);
			defaultConfigurationIsVisible = 0;
			defaultConfigurationName = Release;
		};
/* End XCConfigurationList section */
	};
	rootObject = 809CFB1B2A335F3800D348BE /* Project object */;
}
